
Microsoft Visual Studio Solution File, Format Version 12.00
# Visual Studio Version 17
VisualStudioVersion = 17.11.35327.3
MinimumVisualStudioVersion = 10.0.40219.1
Project("{FAE04EC0-301F-11D3-BF4B-00C04F79EFBC}") = "P1", "P1\P1.csproj", "{408415E0-1482-4460-B650-1EB939BDABF3}"
EndProject
Global
	GlobalSection(SolutionConfigurationPlatforms) = preSolution
		Debug|Any CPU = Debug|Any CPU
		Release|Any CPU = Release|Any CPU
	EndGlobalSection
	GlobalSection(ProjectConfigurationPlatforms) = postSolution
		{408415E0-1482-4460-B650-1EB939BDABF3}.Debug|Any CPU.ActiveCfg = Debug|Any CPU
		{408415E0-1482-4460-B650-1EB939BDABF3}.Debug|Any CPU.Build.0 = Debug|Any CPU
		{408415E0-1482-4460-B650-1EB939BDABF3}.Release|Any CPU.ActiveCfg = Release|Any CPU
		{408415E0-1482-4460-B650-1EB939BDABF3}.Release|Any CPU.Build.0 = Release|Any CPU
	EndGlobalSection
	GlobalSection(SolutionProperties) = preSolution
		HideSolutionNode = FALSE
	EndGlobalSection
	GlobalSection(ExtensibilityGlobals) = postSolution
		SolutionGuid = {42EA5D15-996C-47D1-A517-C6D82D00AF68}
	EndGlobalSection
EndGlobal
